
Microsoft Visual Studio Solution File, Format Version 12.00
# Visual Studio Version 17
VisualStudioVersion = 17.4.33110.190
MinimumVisualStudioVersion = 10.0.40219.1
Project("{FAE04EC0-301F-11D3-BF4B-00C04F79EFBC}") = "SalesCet77Web", "SalesCet77Web\SalesCet77Web.csproj", "{ED7EE39D-D299-49B8-AA07-CC4EB5F45588}"
EndProject
Global
	GlobalSection(SolutionConfigurationPlatforms) = preSolution
		Debug|Any CPU = Debug|Any CPU
		Release|Any CPU = Release|Any CPU
	EndGlobalSection
	GlobalSection(ProjectConfigurationPlatforms) = postSolution
		{ED7EE39D-D299-49B8-AA07-CC4EB5F45588}.Debug|Any CPU.ActiveCfg = Debug|Any CPU
		{ED7EE39D-D299-49B8-AA07-CC4EB5F45588}.Debug|Any CPU.Build.0 = Debug|Any CPU
		{ED7EE39D-D299-49B8-AA07-CC4EB5F45588}.Release|Any CPU.ActiveCfg = Release|Any CPU
		{ED7EE39D-D299-49B8-AA07-CC4EB5F45588}.Release|Any CPU.Build.0 = Release|Any CPU
	EndGlobalSection
	GlobalSection(SolutionProperties) = preSolution
		HideSolutionNode = FALSE
	EndGlobalSection
	GlobalSection(ExtensibilityGlobals) = postSolution
		SolutionGuid = {850AAFCC-1762-4F48-ADE2-0E21564E5FE6}
	EndGlobalSection
EndGlobal
